
Microsoft Visual Studio Solution File, Format Version 12.00
# Visual Studio Version 17
VisualStudioVersion = 17.11.35327.3
MinimumVisualStudioVersion = 10.0.40219.1
Project("{F184B08F-C81C-45F6-A57F-5ABD9991F28F}") = "File Processing", "File Processing\File Processing.vbproj", "{3E40643C-DA0F-4F84-958F-C7F7EC22E04D}"
EndProject
Global
	GlobalSection(SolutionConfigurationPlatforms) = preSolution
		Debug|Any CPU = Debug|Any CPU
		Release|Any CPU = Release|Any CPU
	EndGlobalSection
	GlobalSection(ProjectConfigurationPlatforms) = postSolution
		{3E40643C-DA0F-4F84-958F-C7F7EC22E04D}.Debug|Any CPU.ActiveCfg = Debug|Any CPU
		{3E40643C-DA0F-4F84-958F-C7F7EC22E04D}.Debug|Any CPU.Build.0 = Debug|Any CPU
		{3E40643C-DA0F-4F84-958F-C7F7EC22E04D}.Release|Any CPU.ActiveCfg = Release|Any CPU
		{3E40643C-DA0F-4F84-958F-C7F7EC22E04D}.Release|Any CPU.Build.0 = Release|Any CPU
	EndGlobalSection
	GlobalSection(SolutionProperties) = preSolution
		HideSolutionNode = FALSE
	EndGlobalSection
	GlobalSection(ExtensibilityGlobals) = postSolution
		SolutionGuid = {D965AE66-C33A-45CE-BC7B-96D518A92CC1}
	EndGlobalSection
EndGlobal
